<?xml version="1.0" encoding="utf-8"?>
<Project ToolsVersion="4.0" xmlns="http://schemas.microsoft.com/developer/msbuild/2003">
  <ItemGroup>
    <ClCompile Include="Engine.cpp">
      <Filter>Fichiers Sources</Filter>
    </ClCompile>
    <ClCompile Include="GameObject.cpp">
      <Filter>Fichiers Sources</Filter>
    </ClCompile>
    <ClCompile Include="MouseManager.cpp">
      <Filter>Fichiers Sources</Filter>
    </ClCompile>
    <ClCompile Include="pch.cpp">
      <Filter>Fichiers Sources</Filter>
    </ClCompile>
    <ClCompile Include="Scene.cpp">
      <Filter>Fichiers Sources</Filter>
    </ClCompile>
    <ClCompile Include="STimer.cpp">
      <Filter>Fichiers Sources</Filter>
    </ClCompile>
    <ClCompile Include="CameraComponent.cpp">
      <Filter>Fichiers Sources\Components</Filter>
    </ClCompile>
    <ClCompile Include="Component.cpp">
      <Filter>Fichiers Sources\Components</Filter>
    </ClCompile>
    <ClCompile Include="CubeMeshComponent.cpp">
      <Filter>Fichiers Sources\Components</Filter>
    </ClCompile>
    <ClCompile Include="MeshComponent.cpp">
      <Filter>Fichiers Sources\Components</Filter>
    </ClCompile>
    <ClCompile Include="PolygonMeshComponent.cpp">
      <Filter>Fichiers Sources\Components</Filter>
    </ClCompile>
    <ClCompile Include="SphereMeshComponent.cpp">
      <Filter>Fichiers Sources\Components</Filter>
    </ClCompile>
    <ClCompile Include="TeapotMeshComponent.cpp">
      <Filter>Fichiers Sources\Components</Filter>
    </ClCompile>
    <ClCompile Include="TextComponent.cpp">
      <Filter>Fichiers Sources\Components</Filter>
    </ClCompile>
    <ClCompile Include="TorusMeshComponent.cpp">
      <Filter>Fichiers Sources\Components</Filter>
    </ClCompile>
    <ClCompile Include="Transform.cpp">
      <Filter>Fichiers Sources\Components</Filter>
    </ClCompile>
    <ClCompile Include="Rigidbody.cpp">
      <Filter>Fichiers Sources\Components</Filter>
    </ClCompile>
    <ClCompile Include="Collider.cpp">
      <Filter>Fichiers Sources\Components</Filter>
    </ClCompile>
    <ClCompile Include="BoxCollider.cpp">
      <Filter>Fichiers Sources\Components</Filter>
    </ClCompile>
    <ClCompile Include="SphereCollider.cpp">
      <Filter>Fichiers Sources\Components</Filter>
    </ClCompile>
    <ClCompile Include="LightComponent.cpp">
      <Filter>Fichiers Sources</Filter>
    </ClCompile>
    <ClCompile Include="CollisionManager.cpp" />
    <ClCompile Include="ButtonComponent.cpp">
      <Filter>Fichiers Sources\Components</Filter>
    </ClCompile>
    <ClCompile Include="Listener.cpp" />
    <ClCompile Include="Particle.cpp">
      <Filter>Fichiers Sources</Filter>
    </ClCompile>
    <ClCompile Include="ParticleSystemComponent.cpp">
      <Filter>Fichiers Sources\Components</Filter>
    </ClCompile>
  </ItemGroup>
  <ItemGroup>
    <ClInclude Include="Engine.h">
      <Filter>Fichiers d%27en-tête</Filter>
    </ClInclude>
    <ClInclude Include="framework.h">
      <Filter>Fichiers d%27en-tête</Filter>
    </ClInclude>
    <ClInclude Include="GameObject.h">
      <Filter>Fichiers d%27en-tête</Filter>
    </ClInclude>
    <ClInclude Include="Moteur.h">
      <Filter>Fichiers d%27en-tête</Filter>
    </ClInclude>
    <ClInclude Include="MouseManager.h">
      <Filter>Fichiers d%27en-tête</Filter>
    </ClInclude>
    <ClInclude Include="pch.h">
      <Filter>Fichiers d%27en-tête</Filter>
    </ClInclude>
    <ClInclude Include="Scene.h">
      <Filter>Fichiers d%27en-tête</Filter>
    </ClInclude>
    <ClInclude Include="STimer.h">
      <Filter>Fichiers d%27en-tête</Filter>
    </ClInclude>
    <ClInclude Include="CameraComponent.h">
      <Filter>Fichiers d%27en-tête\Components</Filter>
    </ClInclude>
    <ClInclude Include="Component.h">
      <Filter>Fichiers d%27en-tête\Components</Filter>
    </ClInclude>
    <ClInclude Include="CubeMeshComponent.h">
      <Filter>Fichiers d%27en-tête\Components</Filter>
    </ClInclude>
    <ClInclude Include="MeshComponent.h">
      <Filter>Fichiers d%27en-tête\Components</Filter>
    </ClInclude>
    <ClInclude Include="PolygonMeshComponent.h">
      <Filter>Fichiers d%27en-tête\Components</Filter>
    </ClInclude>
    <ClInclude Include="SphereMeshComponent.h">
      <Filter>Fichiers d%27en-tête\Components</Filter>
    </ClInclude>
    <ClInclude Include="TeapotMeshComponent.h">
      <Filter>Fichiers d%27en-tête\Components</Filter>
    </ClInclude>
    <ClInclude Include="TextComponent.h">
      <Filter>Fichiers d%27en-tête\Components</Filter>
    </ClInclude>
    <ClInclude Include="TorusMeshComponent.h">
      <Filter>Fichiers d%27en-tête\Components</Filter>
    </ClInclude>
    <ClInclude Include="Transform.h">
      <Filter>Fichiers d%27en-tête\Components</Filter>
    </ClInclude>
    <ClInclude Include="Rigidbody.h">
      <Filter>Fichiers d%27en-tête\Components</Filter>
    </ClInclude>
    <ClInclude Include="Collider.h">
      <Filter>Fichiers d%27en-tête\Components</Filter>
    </ClInclude>
    <ClInclude Include="BoxCollider.h">
      <Filter>Fichiers d%27en-tête\Components</Filter>
    </ClInclude>
    <ClInclude Include="SphereCollider.h">
      <Filter>Fichiers d%27en-tête\Components</Filter>
    </ClInclude>
    <ClInclude Include="LightComponent.h">
      <Filter>Fichiers d%27en-tête</Filter>
    </ClInclude>
    <ClInclude Include="CollisionManager.h" />
    <ClInclude Include="ButtonComponent.h">
      <Filter>Fichiers d%27en-tête\Components</Filter>
    </ClInclude>
    <ClInclude Include="Listener.h" />
    <ClInclude Include="ParticleSystemComponent.h">
      <Filter>Fichiers d%27en-tête\Components</Filter>
    </ClInclude>
    <ClInclude Include="Particle.h">
      <Filter>Fichiers d%27en-tête</Filter>
    </ClInclude>
  </ItemGroup>
  <ItemGroup>
    <Filter Include="Fichiers Sources">
      <UniqueIdentifier>{651873a3-7d94-4d43-ae80-aca2b5c1c16c}</UniqueIdentifier>
    </Filter>
    <Filter Include="Fichiers d%27en-tête">
      <UniqueIdentifier>{251f6004-28fe-4d47-b14c-909b820a14e8}</UniqueIdentifier>
    </Filter>
    <Filter Include="Fichiers Sources\Components">
      <UniqueIdentifier>{283c1ee4-0a0f-4ac0-b18f-a975454be09b}</UniqueIdentifier>
    </Filter>
    <Filter Include="Fichiers d%27en-tête\Components">
      <UniqueIdentifier>{e32a1492-4ebe-4881-8871-8467f2d8b685}</UniqueIdentifier>
    </Filter>
  </ItemGroup>
</Project>
