<?xml version="1.0" encoding="utf-8"?>
<Project ToolsVersion="4.0" xmlns="http://schemas.microsoft.com/developer/msbuild/2003">
  <ItemGroup>
    <ClCompile Include="Component.cpp" />
    <ClCompile Include="CubeMeshComponent.cpp" />
    <ClCompile Include="Engine.cpp" />
    <ClCompile Include="GameObject.cpp" />
    <ClCompile Include="MouseManager.cpp" />
    <ClCompile Include="MeshComponent.cpp" />
    <ClCompile Include="pch.cpp" />
    <ClCompile Include="Scene.cpp" />
    <ClCompile Include="STimer.cpp" />
    <ClCompile Include="Transform.cpp" />
    <ClCompile Include="TextComponent.cpp" />
    <ClCompile Include="Camera.cpp" />
  </ItemGroup>
  <ItemGroup>
    <ClInclude Include="Component.h" />
    <ClInclude Include="CubeMeshComponent.h" />
    <ClInclude Include="Engine.h" />
    <ClInclude Include="framework.h" />
    <ClInclude Include="GameObject.h" />
    <ClInclude Include="MouseManager.h" />
    <ClInclude Include="MeshComponent.h" />
    <ClInclude Include="pch.h" />
    <ClInclude Include="Scene.h" />
    <ClInclude Include="STimer.h" />
    <ClInclude Include="Transform.h" />
    <ClInclude Include="TextComponent.h" />
    <ClInclude Include="Camera.h" />
    <ClInclude Include="Moteur.h" />
  </ItemGroup>
</Project>